// !$*UTF8*$!
{
	archiveVersion = 1;
	classes = {
	};
	objectVersion = 50;
	objects = {

/* Begin PBXBuildFile section */
		186F18BF241280E3008D1466 /* OptionEntry.swift in Sources */ = {isa = PBXBuildFile; fileRef = 186F18BE241280E3008D1466 /* OptionEntry.swift */; };
		187A7A1A24111DD1008BFB23 /* MenuOptionCellTableViewCell.swift in Sources */ = {isa = PBXBuildFile; fileRef = 187A7A1924111DD1008BFB23 /* MenuOptionCellTableViewCell.swift */; };
		187A7A1C2411287A008BFB23 /* MenuOptions.swift in Sources */ = {isa = PBXBuildFile; fileRef = 187A7A1B2411287A008BFB23 /* MenuOptions.swift */; };
		18B42926240FC5A90018774A /* AppDelegate.swift in Sources */ = {isa = PBXBuildFile; fileRef = 18B42925240FC5A90018774A /* AppDelegate.swift */; };
		18B4292B240FC5A90018774A /* Main.storyboard in Resources */ = {isa = PBXBuildFile; fileRef = 18B42929240FC5A90018774A /* Main.storyboard */; };
		18B4292E240FC5A90018774A /* Enote.xcdatamodeld in Sources */ = {isa = PBXBuildFile; fileRef = 18B4292C240FC5A90018774A /* Enote.xcdatamodeld */; };
		18B42930240FC5AA0018774A /* Assets.xcassets in Resources */ = {isa = PBXBuildFile; fileRef = 18B4292F240FC5AA0018774A /* Assets.xcassets */; };
		18B42933240FC5AA0018774A /* LaunchScreen.storyboard in Resources */ = {isa = PBXBuildFile; fileRef = 18B42931240FC5AA0018774A /* LaunchScreen.storyboard */; };
		18B4293C240FC63D0018774A /* ContainerController.swift in Sources */ = {isa = PBXBuildFile; fileRef = 18B4293B240FC63D0018774A /* ContainerController.swift */; };
		18B4293E240FC64C0018774A /* HomeController.swift in Sources */ = {isa = PBXBuildFile; fileRef = 18B4293D240FC64C0018774A /* HomeController.swift */; };
		18B42940240FC65E0018774A /* MenuController.swift in Sources */ = {isa = PBXBuildFile; fileRef = 18B4293F240FC65E0018774A /* MenuController.swift */; };
		18B42942240FC6710018774A /* Protocols.swift in Sources */ = {isa = PBXBuildFile; fileRef = 18B42941240FC6710018774A /* Protocols.swift */; };
/* End PBXBuildFile section */

/* Begin PBXFileReference section */
		186F18BE241280E3008D1466 /* OptionEntry.swift */ = {isa = PBXFileReference; lastKnownFileType = sourcecode.swift; path = OptionEntry.swift; sourceTree = "<group>"; };
		187A7A1924111DD1008BFB23 /* MenuOptionCellTableViewCell.swift */ = {isa = PBXFileReference; lastKnownFileType = sourcecode.swift; path = MenuOptionCellTableViewCell.swift; sourceTree = "<group>"; };
		187A7A1B2411287A008BFB23 /* MenuOptions.swift */ = {isa = PBXFileReference; lastKnownFileType = sourcecode.swift; path = MenuOptions.swift; sourceTree = "<group>"; };
		18B42922240FC5A90018774A /* Enote.app */ = {isa = PBXFileReference; explicitFileType = wrapper.application; includeInIndex = 0; path = Enote.app; sourceTree = BUILT_PRODUCTS_DIR; };
		18B42925240FC5A90018774A /* AppDelegate.swift */ = {isa = PBXFileReference; lastKnownFileType = sourcecode.swift; path = AppDelegate.swift; sourceTree = "<group>"; };
		18B4292A240FC5A90018774A /* Base */ = {isa = PBXFileReference; lastKnownFileType = file.storyboard; name = Base; path = Base.lproj/Main.storyboard; sourceTree = "<group>"; };
		18B4292D240FC5A90018774A /* Enote.xcdatamodel */ = {isa = PBXFileReference; lastKnownFileType = wrapper.xcdatamodel; path = Enote.xcdatamodel; sourceTree = "<group>"; };
		18B4292F240FC5AA0018774A /* Assets.xcassets */ = {isa = PBXFileReference; lastKnownFileType = folder.assetcatalog; path = Assets.xcassets; sourceTree = "<group>"; };
		18B42932240FC5AA0018774A /* Base */ = {isa = PBXFileReference; lastKnownFileType = file.storyboard; name = Base; path = Base.lproj/LaunchScreen.storyboard; sourceTree = "<group>"; };
		18B42934240FC5AA0018774A /* Info.plist */ = {isa = PBXFileReference; lastKnownFileType = text.plist.xml; path = Info.plist; sourceTree = "<group>"; };
		18B4293B240FC63D0018774A /* ContainerController.swift */ = {isa = PBXFileReference; lastKnownFileType = sourcecode.swift; path = ContainerController.swift; sourceTree = "<group>"; };
		18B4293D240FC64C0018774A /* HomeController.swift */ = {isa = PBXFileReference; lastKnownFileType = sourcecode.swift; path = HomeController.swift; sourceTree = "<group>"; };
		18B4293F240FC65E0018774A /* MenuController.swift */ = {isa = PBXFileReference; lastKnownFileType = sourcecode.swift; path = MenuController.swift; sourceTree = "<group>"; };
		18B42941240FC6710018774A /* Protocols.swift */ = {isa = PBXFileReference; lastKnownFileType = sourcecode.swift; path = Protocols.swift; sourceTree = "<group>"; };
/* End PBXFileReference section */

/* Begin PBXFrameworksBuildPhase section */
		18B4291F240FC5A90018774A /* Frameworks */ = {
			isa = PBXFrameworksBuildPhase;
			buildActionMask = 2147483647;
			files = (
			);
			runOnlyForDeploymentPostprocessing = 0;
		};
/* End PBXFrameworksBuildPhase section */

/* Begin PBXGroup section */
		186F18BD24128075008D1466 /* OptionEntryBlock */ = {
			isa = PBXGroup;
			children = (
				186F18BE241280E3008D1466 /* OptionEntry.swift */,
			);
			path = OptionEntryBlock;
			sourceTree = "<group>";
		};
		18B42919240FC5A90018774A = {
			isa = PBXGroup;
			children = (
				18B42924240FC5A90018774A /* Enote */,
				18B42923240FC5A90018774A /* Products */,
			);
			sourceTree = "<group>";
		};
		18B42923240FC5A90018774A /* Products */ = {
			isa = PBXGroup;
			children = (
				18B42922240FC5A90018774A /* Enote.app */,
			);
			name = Products;
			sourceTree = "<group>";
		};
		18B42924240FC5A90018774A /* Enote */ = {
			isa = PBXGroup;
			children = (
				186F18BD24128075008D1466 /* OptionEntryBlock */,
				18B4293A240FC5FD0018774A /* SideMenu */,
				18B42925240FC5A90018774A /* AppDelegate.swift */,
				18B42929240FC5A90018774A /* Main.storyboard */,
				18B4292F240FC5AA0018774A /* Assets.xcassets */,
				18B42931240FC5AA0018774A /* LaunchScreen.storyboard */,
				18B42934240FC5AA0018774A /* Info.plist */,
				18B4292C240FC5A90018774A /* Enote.xcdatamodeld */,
			);
			path = Enote;
			sourceTree = "<group>";
		};
		18B4293A240FC5FD0018774A /* SideMenu */ = {
			isa = PBXGroup;
			children = (
				18B4293B240FC63D0018774A /* ContainerController.swift */,
				18B4293D240FC64C0018774A /* HomeController.swift */,
				18B4293F240FC65E0018774A /* MenuController.swift */,
				18B42941240FC6710018774A /* Protocols.swift */,
				187A7A1924111DD1008BFB23 /* MenuOptionCellTableViewCell.swift */,
				187A7A1B2411287A008BFB23 /* MenuOptions.swift */,
			);
			path = SideMenu;
			sourceTree = "<group>";
		};
/* End PBXGroup section */

/* Begin PBXNativeTarget section */
		18B42921240FC5A90018774A /* Enote */ = {
			isa = PBXNativeTarget;
			buildConfigurationList = 18B42937240FC5AA0018774A /* Build configuration list for PBXNativeTarget "Enote" */;
			buildPhases = (
				18B4291E240FC5A90018774A /* Sources */,
				18B4291F240FC5A90018774A /* Frameworks */,
				18B42920240FC5A90018774A /* Resources */,
			);
			buildRules = (
			);
			dependencies = (
			);
			name = Enote;
			productName = Enote;
			productReference = 18B42922240FC5A90018774A /* Enote.app */;
			productType = "com.apple.product-type.application";
		};
/* End PBXNativeTarget section */

/* Begin PBXProject section */
		18B4291A240FC5A90018774A /* Project object */ = {
			isa = PBXProject;
			attributes = {
				LastSwiftUpdateCheck = 1020;
				LastUpgradeCheck = 1020;
				ORGANIZATIONNAME = is;
				TargetAttributes = {
					18B42921240FC5A90018774A = {
						CreatedOnToolsVersion = 10.2.1;
					};
				};
			};
			buildConfigurationList = 18B4291D240FC5A90018774A /* Build configuration list for PBXProject "Enote" */;
			compatibilityVersion = "Xcode 9.3";
			developmentRegion = en;
			hasScannedForEncodings = 0;
			knownRegions = (
				en,
				Base,
			);
			mainGroup = 18B42919240FC5A90018774A;
			productRefGroup = 18B42923240FC5A90018774A /* Products */;
			projectDirPath = "";
			projectRoot = "";
			targets = (
				18B42921240FC5A90018774A /* Enote */,
			);
		};
/* End PBXProject section */

/* Begin PBXResourcesBuildPhase section */
		18B42920240FC5A90018774A /* Resources */ = {
			isa = PBXResourcesBuildPhase;
			buildActionMask = 2147483647;
			files = (
				18B42933240FC5AA0018774A /* LaunchScreen.storyboard in Resources */,
				18B42930240FC5AA0018774A /* Assets.xcassets in Resources */,
				18B4292B240FC5A90018774A /* Main.storyboard in Resources */,
			);
			runOnlyForDeploymentPostprocessing = 0;
		};
/* End PBXResourcesBuildPhase section */

/* Begin PBXSourcesBuildPhase section */
		18B4291E240FC5A90018774A /* Sources */ = {
			isa = PBXSourcesBuildPhase;
			buildActionMask = 2147483647;
			files = (
				187A7A1A24111DD1008BFB23 /* MenuOptionCellTableViewCell.swift in Sources */,
				18B42940240FC65E0018774A /* MenuController.swift in Sources */,
				186F18BF241280E3008D1466 /* OptionEntry.swift in Sources */,
				18B4293E240FC64C0018774A /* HomeController.swift in Sources */,
				18B4292E240FC5A90018774A /* Enote.xcdatamodeld in Sources */,
				18B42942240FC6710018774A /* Protocols.swift in Sources */,
				187A7A1C2411287A008BFB23 /* MenuOptions.swift in Sources */,
				18B42926240FC5A90018774A /* AppDelegate.swift in Sources */,
				18B4293C240FC63D0018774A /* ContainerController.swift in Sources */,
			);
			runOnlyForDeploymentPostprocessing = 0;
		};
/* End PBXSourcesBuildPhase section */

/* Begin PBXVariantGroup section */
		18B42929240FC5A90018774A /* Main.storyboard */ = {
			isa = PBXVariantGroup;
			children = (
				18B4292A240FC5A90018774A /* Base */,
			);
			name = Main.storyboard;
			sourceTree = "<group>";
		};
		18B42931240FC5AA0018774A /* LaunchScreen.storyboard */ = {
			isa = PBXVariantGroup;
			children = (
				18B42932240FC5AA0018774A /* Base */,
			);
			name = LaunchScreen.storyboard;
			sourceTree = "<group>";
		};
/* End PBXVariantGroup section */

/* Begin XCBuildConfiguration section */
		18B42935240FC5AA0018774A /* Debug */ = {
			isa = XCBuildConfiguration;
			buildSettings = {
				ALWAYS_SEARCH_USER_PATHS = NO;
				CLANG_ANALYZER_NONNULL = YES;
				CLANG_ANALYZER_NUMBER_OBJECT_CONVERSION = YES_AGGRESSIVE;
				CLANG_CXX_LANGUAGE_STANDARD = "gnu++14";
				CLANG_CXX_LIBRARY = "libc++";
				CLANG_ENABLE_MODULES = YES;
				CLANG_ENABLE_OBJC_ARC = YES;
				CLANG_ENABLE_OBJC_WEAK = YES;
				CLANG_WARN_BLOCK_CAPTURE_AUTORELEASING = YES;
				CLANG_WARN_BOOL_CONVERSION = YES;
				CLANG_WARN_COMMA = YES;
				CLANG_WARN_CONSTANT_CONVERSION = YES;
				CLANG_WARN_DEPRECATED_OBJC_IMPLEMENTATIONS = YES;
				CLANG_WARN_DIRECT_OBJC_ISA_USAGE = YES_ERROR;
				CLANG_WARN_DOCUMENTATION_COMMENTS = YES;
				CLANG_WARN_EMPTY_BODY = YES;
				CLANG_WARN_ENUM_CONVERSION = YES;
				CLANG_WARN_INFINITE_RECURSION = YES;
				CLANG_WARN_INT_CONVERSION = YES;
				CLANG_WARN_NON_LITERAL_NULL_CONVERSION = YES;
				CLANG_WARN_OBJC_IMPLICIT_RETAIN_SELF = YES;
				CLANG_WARN_OBJC_LITERAL_CONVERSION = YES;
				CLANG_WARN_OBJC_ROOT_CLASS = YES_ERROR;
				CLANG_WARN_RANGE_LOOP_ANALYSIS = YES;
				CLANG_WARN_STRICT_PROTOTYPES = YES;
				CLANG_WARN_SUSPICIOUS_MOVE = YES;
				CLANG_WARN_UNGUARDED_AVAILABILITY = YES_AGGRESSIVE;
				CLANG_WARN_UNREACHABLE_CODE = YES;
				CLANG_WARN__DUPLICATE_METHOD_MATCH = YES;
				CODE_SIGN_IDENTITY = "iPhone Developer";
				COPY_PHASE_STRIP = NO;
				DEBUG_INFORMATION_FORMAT = dwarf;
				ENABLE_STRICT_OBJC_MSGSEND = YES;
				ENABLE_TESTABILITY = YES;
				GCC_C_LANGUAGE_STANDARD = gnu11;
				GCC_DYNAMIC_NO_PIC = NO;
				GCC_NO_COMMON_BLOCKS = YES;
				GCC_OPTIMIZATION_LEVEL = 0;
				GCC_PREPROCESSOR_DEFINITIONS = (
					"DEBUG=1",
					"$(inherited)",
				);
				GCC_WARN_64_TO_32_BIT_CONVERSION = YES;
				GCC_WARN_ABOUT_RETURN_TYPE = YES_ERROR;
				GCC_WARN_UNDECLARED_SELECTOR = YES;
				GCC_WARN_UNINITIALIZED_AUTOS = YES_AGGRESSIVE;
				GCC_WARN_UNUSED_FUNCTION = YES;
				GCC_WARN_UNUSED_VARIABLE = YES;
				IPHONEOS_DEPLOYMENT_TARGET = 12.2;
				MTL_ENABLE_DEBUG_INFO = INCLUDE_SOURCE;
				MTL_FAST_MATH = YES;
				ONLY_ACTIVE_ARCH = YES;
				SDKROOT = iphoneos;
				SWIFT_ACTIVE_COMPILATION_CONDITIONS = DEBUG;
				SWIFT_OPTIMIZATION_LEVEL = "-Onone";
			};
			name = Debug;
		};
		18B42936240FC5AA0018774A /* Release */ = {
			isa = XCBuildConfiguration;
			buildSettings = {
				ALWAYS_SEARCH_USER_PATHS = NO;
				CLANG_ANALYZER_NONNULL = YES;
				CLANG_ANALYZER_NUMBER_OBJECT_CONVERSION = YES_AGGRESSIVE;
				CLANG_CXX_LANGUAGE_STANDARD = "gnu++14";
				CLANG_CXX_LIBRARY = "libc++";
				CLANG_ENABLE_MODULES = YES;
				CLANG_ENABLE_OBJC_ARC = YES;
				CLANG_ENABLE_OBJC_WEAK = YES;
				CLANG_WARN_BLOCK_CAPTURE_AUTORELEASING = YES;
				CLANG_WARN_BOOL_CONVERSION = YES;
				CLANG_WARN_COMMA = YES;
				CLANG_WARN_CONSTANT_CONVERSION = YES;
				CLANG_WARN_DEPRECATED_OBJC_IMPLEMENTATIONS = YES;
				CLANG_WARN_DIRECT_OBJC_ISA_USAGE = YES_ERROR;
				CLANG_WARN_DOCUMENTATION_COMMENTS = YES;
				CLANG_WARN_EMPTY_BODY = YES;
				CLANG_WARN_ENUM_CONVERSION = YES;
				CLANG_WARN_INFINITE_RECURSION = YES;
				CLANG_WARN_INT_CONVERSION = YES;
				CLANG_WARN_NON_LITERAL_NULL_CONVERSION = YES;
				CLANG_WARN_OBJC_IMPLICIT_RETAIN_SELF = YES;
				CLANG_WARN_OBJC_LITERAL_CONVERSION = YES;
				CLANG_WARN_OBJC_ROOT_CLASS = YES_ERROR;
				CLANG_WARN_RANGE_LOOP_ANALYSIS = YES;
				CLANG_WARN_STRICT_PROTOTYPES = YES;
				CLANG_WARN_SUSPICIOUS_MOVE = YES;
				CLANG_WARN_UNGUARDED_AVAILABILITY = YES_AGGRESSIVE;
				CLANG_WARN_UNREACHABLE_CODE = YES;
				CLANG_WARN__DUPLICATE_METHOD_MATCH = YES;
				CODE_SIGN_IDENTITY = "iPhone Developer";
				COPY_PHASE_STRIP = NO;
				DEBUG_INFORMATION_FORMAT = "dwarf-with-dsym";
				ENABLE_NS_ASSERTIONS = NO;
				ENABLE_STRICT_OBJC_MSGSEND = YES;
				GCC_C_LANGUAGE_STANDARD = gnu11;
				GCC_NO_COMMON_BLOCKS = YES;
				GCC_WARN_64_TO_32_BIT_CONVERSION = YES;
				GCC_WARN_ABOUT_RETURN_TYPE = YES_ERROR;
				GCC_WARN_UNDECLARED_SELECTOR = YES;
				GCC_WARN_UNINITIALIZED_AUTOS = YES_AGGRESSIVE;
				GCC_WARN_UNUSED_FUNCTION = YES;
				GCC_WARN_UNUSED_VARIABLE = YES;
				IPHONEOS_DEPLOYMENT_TARGET = 12.2;
				MTL_ENABLE_DEBUG_INFO = NO;
				MTL_FAST_MATH = YES;
				SDKROOT = iphoneos;
				SWIFT_COMPILATION_MODE = wholemodule;
				SWIFT_OPTIMIZATION_LEVEL = "-O";
				VALIDATE_PRODUCT = YES;
			};
			name = Release;
		};
		18B42938240FC5AA0018774A /* Debug */ = {
			isa = XCBuildConfiguration;
			buildSettings = {
				ASSETCATALOG_COMPILER_APPICON_NAME = AppIcon;
				CODE_SIGN_STYLE = Automatic;
				INFOPLIST_FILE = Enote/Info.plist;
				LD_RUNPATH_SEARCH_PATHS = (
					"$(inherited)",
					"@executable_path/Frameworks",
				);
				PRODUCT_BUNDLE_IDENTIFIER = is.Enote;
				PRODUCT_NAME = "$(TARGET_NAME)";
				SWIFT_VERSION = 5.0;
				TARGETED_DEVICE_FAMILY = "1,2";
			};
			name = Debug;
		};
		18B42939240FC5AA0018774A /* Release */ = {
			isa = XCBuildConfiguration;
			buildSettings = {
				ASSETCATALOG_COMPILER_APPICON_NAME = AppIcon;
				CODE_SIGN_STYLE = Automatic;
				INFOPLIST_FILE = Enote/Info.plist;
				LD_RUNPATH_SEARCH_PATHS = (
					"$(inherited)",
					"@executable_path/Frameworks",
				);
				PRODUCT_BUNDLE_IDENTIFIER = is.Enote;
				PRODUCT_NAME = "$(TARGET_NAME)";
				SWIFT_VERSION = 5.0;
				TARGETED_DEVICE_FAMILY = "1,2";
			};
			name = Release;
		};
/* End XCBuildConfiguration section */

/* Begin XCConfigurationList section */
		18B4291D240FC5A90018774A /* Build configuration list for PBXProject "Enote" */ = {
			isa = XCConfigurationList;
			buildConfigurations = (
				18B42935240FC5AA0018774A /* Debug */,
				18B42936240FC5AA0018774A /* Release */,
			);
			defaultConfigurationIsVisible = 0;
			defaultConfigurationName = Release;
		};
		18B42937240FC5AA0018774A /* Build configuration list for PBXNativeTarget "Enote" */ = {
			isa = XCConfigurationList;
			buildConfigurations = (
				18B42938240FC5AA0018774A /* Debug */,
				18B42939240FC5AA0018774A /* Release */,
			);
			defaultConfigurationIsVisible = 0;
			defaultConfigurationName = Release;
		};
/* End XCConfigurationList section */

/* Begin XCVersionGroup section */
		18B4292C240FC5A90018774A /* Enote.xcdatamodeld */ = {
			isa = XCVersionGroup;
			children = (
				18B4292D240FC5A90018774A /* Enote.xcdatamodel */,
			);
			currentVersion = 18B4292D240FC5A90018774A /* Enote.xcdatamodel */;
			path = Enote.xcdatamodeld;
			sourceTree = "<group>";
			versionGroupType = wrapper.xcdatamodel;
		};
/* End XCVersionGroup section */
	};
	rootObject = 18B4291A240FC5A90018774A /* Project object */;
}
